
Microsoft Visual Studio Solution File, Format Version 12.00
# Visual Studio Version 17
VisualStudioVersion = 17.4.33122.133
MinimumVisualStudioVersion = 10.0.40219.1
Project("{FAE04EC0-301F-11D3-BF4B-00C04F79EFBC}") = "SocietyManagementSystem", "SocietyManagementSystem\SocietyManagementSystem.csproj", "{7043AF22-120B-469E-BDAB-8CA6947F2851}"
EndProject
Global
	GlobalSection(SolutionConfigurationPlatforms) = preSolution
		Debug|Any CPU = Debug|Any CPU
		Release|Any CPU = Release|Any CPU
	EndGlobalSection
	GlobalSection(ProjectConfigurationPlatforms) = postSolution
		{7043AF22-120B-469E-BDAB-8CA6947F2851}.Debug|Any CPU.ActiveCfg = Debug|Any CPU
		{7043AF22-120B-469E-BDAB-8CA6947F2851}.Debug|Any CPU.Build.0 = Debug|Any CPU
		{7043AF22-120B-469E-BDAB-8CA6947F2851}.Release|Any CPU.ActiveCfg = Release|Any CPU
		{7043AF22-120B-469E-BDAB-8CA6947F2851}.Release|Any CPU.Build.0 = Release|Any CPU
	EndGlobalSection
	GlobalSection(SolutionProperties) = preSolution
		HideSolutionNode = FALSE
	EndGlobalSection
	GlobalSection(ExtensibilityGlobals) = postSolution
		SolutionGuid = {5BAC24A6-D579-4EB8-9C5A-3159DA19B086}
	EndGlobalSection
EndGlobal
